
Microsoft Visual Studio Solution File, Format Version 12.00
# Visual Studio Version 17
VisualStudioVersion = 17.11.35303.130
MinimumVisualStudioVersion = 10.0.40219.1
Project("{8BC9CEB8-8B4A-11D0-8D11-00A0C91BC942}") = "lab_6.3_rec", "lab_6.3_rec\lab_6.3_rec.vcxproj", "{B2EBE022-AA8C-451F-A554-C10084DE24E3}"
EndProject
Project("{8BC9CEB8-8B4A-11D0-8D11-00A0C91BC942}") = "UnitTest1", "UnitTest1\UnitTest1.vcxproj", "{A466A1F3-365B-4659-8186-965056D9E9FD}"
EndProject
Global
	GlobalSection(SolutionConfigurationPlatforms) = preSolution
		Debug|x64 = Debug|x64
		Debug|x86 = Debug|x86
		Release|x64 = Release|x64
		Release|x86 = Release|x86
	EndGlobalSection
	GlobalSection(ProjectConfigurationPlatforms) = postSolution
		{B2EBE022-AA8C-451F-A554-C10084DE24E3}.Debug|x64.ActiveCfg = Debug|x64
		{B2EBE022-AA8C-451F-A554-C10084DE24E3}.Debug|x64.Build.0 = Debug|x64
		{B2EBE022-AA8C-451F-A554-C10084DE24E3}.Debug|x86.ActiveCfg = Debug|Win32
		{B2EBE022-AA8C-451F-A554-C10084DE24E3}.Debug|x86.Build.0 = Debug|Win32
		{B2EBE022-AA8C-451F-A554-C10084DE24E3}.Release|x64.ActiveCfg = Release|x64
		{B2EBE022-AA8C-451F-A554-C10084DE24E3}.Release|x64.Build.0 = Release|x64
		{B2EBE022-AA8C-451F-A554-C10084DE24E3}.Release|x86.ActiveCfg = Release|Win32
		{B2EBE022-AA8C-451F-A554-C10084DE24E3}.Release|x86.Build.0 = Release|Win32
		{A466A1F3-365B-4659-8186-965056D9E9FD}.Debug|x64.ActiveCfg = Debug|x64
		{A466A1F3-365B-4659-8186-965056D9E9FD}.Debug|x64.Build.0 = Debug|x64
		{A466A1F3-365B-4659-8186-965056D9E9FD}.Debug|x86.ActiveCfg = Debug|Win32
		{A466A1F3-365B-4659-8186-965056D9E9FD}.Debug|x86.Build.0 = Debug|Win32
		{A466A1F3-365B-4659-8186-965056D9E9FD}.Release|x64.ActiveCfg = Release|x64
		{A466A1F3-365B-4659-8186-965056D9E9FD}.Release|x64.Build.0 = Release|x64
		{A466A1F3-365B-4659-8186-965056D9E9FD}.Release|x86.ActiveCfg = Release|Win32
		{A466A1F3-365B-4659-8186-965056D9E9FD}.Release|x86.Build.0 = Release|Win32
	EndGlobalSection
	GlobalSection(SolutionProperties) = preSolution
		HideSolutionNode = FALSE
	EndGlobalSection
	GlobalSection(ExtensibilityGlobals) = postSolution
		SolutionGuid = {61522C61-D11C-4836-9850-546BA757CBAB}
	EndGlobalSection
EndGlobal
